// !$*UTF8*$!
{
	archiveVersion = 1;
	classes = {
	};
	objectVersion = 56;
	objects = {

/* Begin PBXBuildFile section */
		A1234567890ABCDEF001 /* DentalAIApp.swift in Sources */ = {isa = PBXBuildFile; fileRef = A1234567890ABCDEF002 /* DentalAIApp.swift */; };
		A1234567890ABCDEF003 /* ContentView.swift in Sources */ = {isa = PBXBuildFile; fileRef = A1234567890ABCDEF004 /* ContentView.swift */; };
		A1234567890ABCDEF005 /* Assets.xcassets in Resources */ = {isa = PBXBuildFile; fileRef = A1234567890ABCDEF006 /* Assets.xcassets */; };
		A1234567890ABCDEF007 /* Preview Assets.xcassets in Resources */ = {isa = PBXBuildFile; fileRef = A1234567890ABCDEF008 /* Preview Assets.xcassets */; };
		A1234567890ABCDEF098 /* dental_model.onnx in Resources */ = {isa = PBXBuildFile; fileRef = A1234567890ABCDEF099 /* dental_model.onnx */; };
		A1234567890ABCDEF009 /* CameraView.swift in Sources */ = {isa = PBXBuildFile; fileRef = A1234567890ABCDEF010 /* CameraView.swift */; };
		A1234567890ABCDEF010A /* PhotoLibraryView.swift in Sources */ = {isa = PBXBuildFile; fileRef = A1234567890ABCDEF010B /* PhotoLibraryView.swift */; };
		A1234567890ABCDEF010C /* UserProfileView.swift in Sources */ = {isa = PBXBuildFile; fileRef = A1234567890ABCDEF010D /* UserProfileView.swift */; };
		A1234567890ABCDEF010E /* NotificationSettingsView.swift in Sources */ = {isa = PBXBuildFile; fileRef = A1234567890ABCDEF010F /* NotificationSettingsView.swift */; };
		A1234567890ABCDEF0110 /* PrivacySettingsView.swift in Sources */ = {isa = PBXBuildFile; fileRef = A1234567890ABCDEF0111 /* PrivacySettingsView.swift */; };
		A1234567890ABCDEF0112 /* ImageCropView.swift in Sources */ = {isa = PBXBuildFile; fileRef = A1234567890ABCDEF0113 /* ImageCropView.swift */; };
		A1234567890ABCDEF0114 /* PhotoAdjustmentView.swift in Sources */ = {isa = PBXBuildFile; fileRef = A1234567890ABCDEF0115 /* PhotoAdjustmentView.swift */; };
		A1234567890ABCDEF011 /* ImageAnalysisView.swift in Sources */ = {isa = PBXBuildFile; fileRef = A1234567890ABCDEF012 /* ImageAnalysisView.swift */; };
		A1234567890ABCDEF013 /* DentalAnalysisEngine.swift in Sources */ = {isa = PBXBuildFile; fileRef = A1234567890ABCDEF014 /* DentalAnalysisEngine.swift */; };
		A1234567890ABCDEF015 /* RecommendationEngine.swift in Sources */ = {isa = PBXBuildFile; fileRef = A1234567890ABCDEF016 /* RecommendationEngine.swift */; };
		A1234567890ABCDEF017 /* Models.swift in Sources */ = {isa = PBXBuildFile; fileRef = A1234567890ABCDEF018 /* Models.swift */; };
		A1234567890ABCDEF019 /* ImageProcessor.swift in Sources */ = {isa = PBXBuildFile; fileRef = A1234567890ABCDEF020 /* ImageProcessor.swift */; };
		A1234567890ABCDEF040 /* CoreMLService.swift in Sources */ = {isa = PBXBuildFile; fileRef = A1234567890ABCDEF041 /* CoreMLService.swift */; };
		A1234567890ABCDEF042 /* PerformanceMonitor.swift in Sources */ = {isa = PBXBuildFile; fileRef = A1234567890ABCDEF043 /* PerformanceMonitor.swift */; };
		A1234567890ABCDEF044 /* UserFeedbackService.swift in Sources */ = {isa = PBXBuildFile; fileRef = A1234567890ABCDEF045 /* UserFeedbackService.swift */; };
		A1234567890ABCDEF046 /* DetectionViewModel.swift in Sources */ = {isa = PBXBuildFile; fileRef = A1234567890ABCDEF047 /* DetectionViewModel.swift */; };
		A1234567890ABCDEF048 /* ValidationService.swift in Sources */ = {isa = PBXBuildFile; fileRef = A1234567890ABCDEF049 /* ValidationService.swift */; };
		A1234567890ABCDEF050 /* DataManager.swift in Sources */ = {isa = PBXBuildFile; fileRef = A1234567890ABCDEF051 /* DataManager.swift */; };
		A1234567890ABCDEF053 /* DetectionFactory.swift in Sources */ = {isa = PBXBuildFile; fileRef = A1234567890ABCDEF054 /* DetectionFactory.swift */; };
		A1234567890ABCDEF055 /* Detection.swift in Sources */ = {isa = PBXBuildFile; fileRef = A1234567890ABCDEF056 /* Detection.swift */; };
		A1234567890ABCDEF057 /* MLDetectionService.swift in Sources */ = {isa = PBXBuildFile; fileRef = A1234567890ABCDEF058 /* MLDetectionService.swift */; };
		A1234567890ABCDEF100 /* ModelLocator.swift in Sources */ = {isa = PBXBuildFile; fileRef = A1234567890ABCDEF101 /* ModelLocator.swift */; };
		A1234567890ABCDEF102 /* Log.swift in Sources */ = {isa = PBXBuildFile; fileRef = A1234567890ABCDEF103 /* Log.swift */; };
		A1234567890ABCDEF105 /* DataManager+AnalysisHistory.swift in Sources */ = {isa = PBXBuildFile; fileRef = A1234567890ABCDEF106 /* DataManager+AnalysisHistory.swift */; };
		A1234567890ABCDEF107 /* ResultExporter.swift in Sources */ = {isa = PBXBuildFile; fileRef = A1234567890ABCDEF108 /* ResultExporter.swift */; };
		A1234567890ABCDEF109 /* ResultExporterTests.swift in Sources */ = {isa = PBXBuildFile; fileRef = A1234567890ABCDEF110 /* ResultExporterTests.swift */; };
		A1234567890ABCDEF059 /* ONNXDetectionService.swift in Sources */ = {isa = PBXBuildFile; fileRef = A1234567890ABCDEF060 /* ONNXDetectionService.swift */; };
		A1234567890ABCDEF061 /* CVDentitionService.swift in Sources */ = {isa = PBXBuildFile; fileRef = A1234567890ABCDEF062 /* CVDentitionService.swift */; };
		A1234567890ABCDEF063 /* FeatureFlags.swift in Sources */ = {isa = PBXBuildFile; fileRef = A1234567890ABCDEF064 /* FeatureFlags.swift */; };
		A1234567890ABCDEF066 /* ProductComparisonView.swift in Sources */ = {isa = PBXBuildFile; fileRef = A1234567890ABCDEF067 /* ProductComparisonView.swift */; };
		A1234567890ABCDEF068 /* YOLOPreprocessor.swift in Sources */ = {isa = PBXBuildFile; fileRef = A1234567890ABCDEF069 /* YOLOPreprocessor.swift */; };
		A1234567890ABCDEF072 /* AuthenticationViewModel.swift in Sources */ = {isa = PBXBuildFile; fileRef = A1234567890ABCDEF073 /* AuthenticationViewModel.swift */; };
		A1234567890ABCDEF074 /* AuthenticationView.swift in Sources */ = {isa = PBXBuildFile; fileRef = A1234567890ABCDEF075 /* AuthenticationView.swift */; };
/* End PBXBuildFile section */

/* Begin PBXFileReference section */
		A1234567890ABCDEF002 /* DentalAIApp.swift */ = {isa = PBXFileReference; lastKnownFileType = sourcecode.swift; path = DentalAIApp.swift; sourceTree = "<group>"; };
		A1234567890ABCDEF004 /* ContentView.swift */ = {isa = PBXFileReference; lastKnownFileType = sourcecode.swift; path = ContentView.swift; sourceTree = "<group>"; };
		A1234567890ABCDEF006 /* Assets.xcassets */ = {isa = PBXFileReference; lastKnownFileType = folder.assetcatalog; path = Assets.xcassets; sourceTree = "<group>"; };
		A1234567890ABCDEF008 /* Preview Assets.xcassets */ = {isa = PBXFileReference; lastKnownFileType = folder.assetcatalog; path = "Preview Assets.xcassets"; sourceTree = "<group>"; };
		A1234567890ABCDEF099 /* dental_model.onnx */ = {isa = PBXFileReference; name = dental_model.onnx; path = models/dental_model.onnx; sourceTree = "<group>"; lastKnownFileType = file; includeInIndex = 1; };
		A1234567890ABCDEF010 /* CameraView.swift */ = {isa = PBXFileReference; lastKnownFileType = sourcecode.swift; path = CameraView.swift; sourceTree = "<group>"; };
		A1234567890ABCDEF010B /* PhotoLibraryView.swift */ = {isa = PBXFileReference; lastKnownFileType = sourcecode.swift; path = PhotoLibraryView.swift; sourceTree = "<group>"; };
		A1234567890ABCDEF010D /* UserProfileView.swift */ = {isa = PBXFileReference; lastKnownFileType = sourcecode.swift; path = UserProfileView.swift; sourceTree = "<group>"; };
		A1234567890ABCDEF010F /* NotificationSettingsView.swift */ = {isa = PBXFileReference; lastKnownFileType = sourcecode.swift; path = NotificationSettingsView.swift; sourceTree = "<group>"; };
		A1234567890ABCDEF0111 /* PrivacySettingsView.swift */ = {isa = PBXFileReference; lastKnownFileType = sourcecode.swift; path = PrivacySettingsView.swift; sourceTree = "<group>"; };
		A1234567890ABCDEF0113 /* ImageCropView.swift */ = {isa = PBXFileReference; lastKnownFileType = sourcecode.swift; path = ImageCropView.swift; sourceTree = "<group>"; };
		A1234567890ABCDEF0115 /* PhotoAdjustmentView.swift */ = {isa = PBXFileReference; lastKnownFileType = sourcecode.swift; path = PhotoAdjustmentView.swift; sourceTree = "<group>"; };
		A1234567890ABCDEF012 /* ImageAnalysisView.swift */ = {isa = PBXFileReference; lastKnownFileType = sourcecode.swift; path = ImageAnalysisView.swift; sourceTree = "<group>"; };
		A1234567890ABCDEF014 /* DentalAnalysisEngine.swift */ = {isa = PBXFileReference; lastKnownFileType = sourcecode.swift; path = DentalAnalysisEngine.swift; sourceTree = "<group>"; };
		A1234567890ABCDEF016 /* RecommendationEngine.swift */ = {isa = PBXFileReference; lastKnownFileType = sourcecode.swift; path = RecommendationEngine.swift; sourceTree = "<group>"; };
		A1234567890ABCDEF018 /* Models.swift */ = {isa = PBXFileReference; lastKnownFileType = sourcecode.swift; path = Models.swift; sourceTree = "<group>"; };
		A1234567890ABCDEF020 /* ImageProcessor.swift */ = {isa = PBXFileReference; lastKnownFileType = sourcecode.swift; path = ImageProcessor.swift; sourceTree = "<group>"; };
		A1234567890ABCDEF021 /* DentalAI.app */ = {isa = PBXFileReference; explicitFileType = wrapper.application; includeInIndex = 0; path = DentalAI.app; sourceTree = BUILT_PRODUCTS_DIR; };
		A1234567890ABCDEF041 /* CoreMLService.swift */ = {isa = PBXFileReference; lastKnownFileType = sourcecode.swift; path = CoreMLService.swift; sourceTree = "<group>"; };
		A1234567890ABCDEF043 /* PerformanceMonitor.swift */ = {isa = PBXFileReference; lastKnownFileType = sourcecode.swift; path = PerformanceMonitor.swift; sourceTree = "<group>"; };
		A1234567890ABCDEF045 /* UserFeedbackService.swift */ = {isa = PBXFileReference; lastKnownFileType = sourcecode.swift; path = UserFeedbackService.swift; sourceTree = "<group>"; };
		A1234567890ABCDEF047 /* DetectionViewModel.swift */ = {isa = PBXFileReference; lastKnownFileType = sourcecode.swift; path = DetectionViewModel.swift; sourceTree = "<group>"; };
		A1234567890ABCDEF049 /* ValidationService.swift */ = {isa = PBXFileReference; lastKnownFileType = sourcecode.swift; path = ValidationService.swift; sourceTree = "<group>"; };
		A1234567890ABCDEF051 /* DataManager.swift */ = {isa = PBXFileReference; lastKnownFileType = sourcecode.swift; path = DataManager.swift; sourceTree = "<group>"; };
		A1234567890ABCDEF054 /* DetectionFactory.swift */ = {isa = PBXFileReference; lastKnownFileType = sourcecode.swift; path = DetectionFactory.swift; sourceTree = "<group>"; };
		A1234567890ABCDEF056 /* Detection.swift */ = {isa = PBXFileReference; lastKnownFileType = sourcecode.swift; path = Detection.swift; sourceTree = "<group>"; };
		A1234567890ABCDEF058 /* MLDetectionService.swift */ = {isa = PBXFileReference; lastKnownFileType = sourcecode.swift; path = MLDetectionService.swift; sourceTree = "<group>"; };
		A1234567890ABCDEF101 /* ModelLocator.swift */ = {isa = PBXFileReference; lastKnownFileType = sourcecode.swift; path = ModelLocator.swift; sourceTree = "<group>"; };
		A1234567890ABCDEF103 /* Log.swift */ = {isa = PBXFileReference; lastKnownFileType = sourcecode.swift; path = Log.swift; sourceTree = "<group>"; };
		A1234567890ABCDEF106 /* DataManager+AnalysisHistory.swift */ = {isa = PBXFileReference; lastKnownFileType = sourcecode.swift; path = "DataManager+AnalysisHistory.swift"; sourceTree = "<group>"; };
		A1234567890ABCDEF108 /* ResultExporter.swift */ = {isa = PBXFileReference; lastKnownFileType = sourcecode.swift; path = ResultExporter.swift; sourceTree = "<group>"; };
		A1234567890ABCDEF110 /* ResultExporterTests.swift */ = {isa = PBXFileReference; lastKnownFileType = sourcecode.swift; path = ResultExporterTests.swift; sourceTree = "<group>"; };
		A1234567890ABCDEF060 /* ONNXDetectionService.swift */ = {isa = PBXFileReference; lastKnownFileType = sourcecode.swift; path = ONNXDetectionService.swift; sourceTree = "<group>"; };
		A1234567890ABCDEF062 /* CVDentitionService.swift */ = {isa = PBXFileReference; lastKnownFileType = sourcecode.swift; path = CVDentitionService.swift; sourceTree = "<group>"; };
		A1234567890ABCDEF064 /* FeatureFlags.swift */ = {isa = PBXFileReference; lastKnownFileType = sourcecode.swift; path = FeatureFlags.swift; sourceTree = "<group>"; };
		A1234567890ABCDEF067 /* ProductComparisonView.swift */ = {isa = PBXFileReference; lastKnownFileType = sourcecode.swift; path = ProductComparisonView.swift; sourceTree = "<group>"; };
		A1234567890ABCDEF069 /* YOLOPreprocessor.swift */ = {isa = PBXFileReference; lastKnownFileType = sourcecode.swift; path = YOLOPreprocessor.swift; sourceTree = "<group>"; };
		A1234567890ABCDEF073 /* AuthenticationViewModel.swift */ = {isa = PBXFileReference; lastKnownFileType = sourcecode.swift; path = AuthenticationViewModel.swift; sourceTree = "<group>"; };
		A1234567890ABCDEF075 /* AuthenticationView.swift */ = {isa = PBXFileReference; lastKnownFileType = sourcecode.swift; path = AuthenticationView.swift; sourceTree = "<group>"; };
/* End PBXFileReference section */

/* Begin PBXFrameworksBuildPhase section */
		A1234567890ABCDEF022 /* Frameworks */ = {
			isa = PBXFrameworksBuildPhase;
			buildActionMask = 2147483647;
			files = (
			);
			runOnlyForDeploymentPostprocessing = 0;
		};
/* End PBXFrameworksBuildPhase section */

/* Begin PBXGroup section */
		A1234567890ABCDEF023 = {
			isa = PBXGroup;
			children = (
				A1234567890ABCDEF024 /* DentalAI */,
				A1234567890ABCDEF025 /* Products */,
				A1234567890ABCDEF099 /* dental_model.onnx */,
			);
			sourceTree = "<group>";
		};
		A1234567890ABCDEF024 /* DentalAI */ = {
			isa = PBXGroup;
			children = (
				A1234567890ABCDEF002 /* DentalAIApp.swift */,
				A1234567890ABCDEF004 /* ContentView.swift */,
				A1234567890ABCDEF026 /* Views */,
				A1234567890ABCDEF027 /* Models */,
				A1234567890ABCDEF052 /* ViewModels */,
				A1234567890ABCDEF028 /* Services */,
				A1234567890ABCDEF065 /* Config */,
				A1234567890ABCDEF104 /* Utilities */,
				A1234567890ABCDEF006 /* Assets.xcassets */,
				A1234567890ABCDEF029 /* Preview Content */,
			);
			path = DentalAI;
			sourceTree = "<group>";
		};
		A1234567890ABCDEF025 /* Products */ = {
			isa = PBXGroup;
			children = (
				A1234567890ABCDEF021 /* DentalAI.app */,
			);
			name = Products;
			sourceTree = "<group>";
		};
		A1234567890ABCDEF026 /* Views */ = {
			isa = PBXGroup;
			children = (
				A1234567890ABCDEF010 /* CameraView.swift */,
				A1234567890ABCDEF010B /* PhotoLibraryView.swift */,
				A1234567890ABCDEF010D /* UserProfileView.swift */,
				A1234567890ABCDEF010F /* NotificationSettingsView.swift */,
				A1234567890ABCDEF0111 /* PrivacySettingsView.swift */,
				A1234567890ABCDEF0113 /* ImageCropView.swift */,
				A1234567890ABCDEF0115 /* PhotoAdjustmentView.swift */,
				A1234567890ABCDEF012 /* ImageAnalysisView.swift */,
				A1234567890ABCDEF067 /* ProductComparisonView.swift */,
				A1234567890ABCDEF075 /* AuthenticationView.swift */,
			);
			path = Views;
			sourceTree = "<group>";
		};
		A1234567890ABCDEF027 /* Models */ = {
			isa = PBXGroup;
			children = (
				A1234567890ABCDEF018 /* Models.swift */,
				A1234567890ABCDEF056 /* Detection.swift */,
			);
			path = Models;
			sourceTree = "<group>";
		};
		A1234567890ABCDEF028 /* Services */ = {
			isa = PBXGroup;
			children = (
				A1234567890ABCDEF014 /* DentalAnalysisEngine.swift */,
				A1234567890ABCDEF016 /* RecommendationEngine.swift */,
				A1234567890ABCDEF020 /* ImageProcessor.swift */,
				A1234567890ABCDEF041 /* CoreMLService.swift */,
				A1234567890ABCDEF043 /* PerformanceMonitor.swift */,
				A1234567890ABCDEF045 /* UserFeedbackService.swift */,
				A1234567890ABCDEF049 /* ValidationService.swift */,
				A1234567890ABCDEF051 /* DataManager.swift */,
				A1234567890ABCDEF106 /* DataManager+AnalysisHistory.swift */,
				A1234567890ABCDEF108 /* ResultExporter.swift */,
				A1234567890ABCDEF054 /* DetectionFactory.swift */,
				A1234567890ABCDEF058 /* MLDetectionService.swift */,
				A1234567890ABCDEF101 /* ModelLocator.swift */,
				A1234567890ABCDEF060 /* ONNXDetectionService.swift */,
				A1234567890ABCDEF062 /* CVDentitionService.swift */,
				A1234567890ABCDEF069 /* YOLOPreprocessor.swift */,
			);
			path = Services;
			sourceTree = "<group>";
		};
		A1234567890ABCDEF029 /* Preview Content */ = {
			isa = PBXGroup;
			children = (
				A1234567890ABCDEF008 /* Preview Assets.xcassets */,
			);
			path = "Preview Content";
			sourceTree = "<group>";
		};
		A1234567890ABCDEF052 /* ViewModels */ = {
			isa = PBXGroup;
			children = (
				A1234567890ABCDEF047 /* DetectionViewModel.swift */,
				A1234567890ABCDEF073 /* AuthenticationViewModel.swift */,
			);
			path = ViewModels;
			sourceTree = "<group>";
		};
		A1234567890ABCDEF065 /* Config */ = {
			isa = PBXGroup;
			children = (
				A1234567890ABCDEF064 /* FeatureFlags.swift */,
			);
			path = Config;
			sourceTree = "<group>";
		};
		A1234567890ABCDEF104 /* Utilities */ = {
			isa = PBXGroup;
			children = (
				A1234567890ABCDEF103 /* Log.swift */,
			);
			path = Utilities;
			sourceTree = "<group>";
		};
/* End PBXGroup section */

/* Begin PBXNativeTarget section */
		A1234567890ABCDEF030 /* DentalAI */ = {
			isa = PBXNativeTarget;
			buildConfigurationList = A1234567890ABCDEF031 /* Build configuration list for PBXNativeTarget "DentalAI" */;
			buildPhases = (
				A1234567890ABCDEF032 /* Sources */,
				A1234567890ABCDEF022 /* Frameworks */,
				A1234567890ABCDEF033 /* Resources */,
			);
			buildRules = (
			);
			dependencies = (
			);
			name = DentalAI;
			productName = DentalAI;
			productReference = A1234567890ABCDEF021 /* DentalAI.app */;
			productType = "com.apple.product-type.application";
		};
/* End PBXNativeTarget section */

/* Begin PBXProject section */
		A1234567890ABCDEF034 /* Project object */ = {
			isa = PBXProject;
			attributes = {
				BuildIndependentTargetsInParallel = 1;
				LastSwiftUpdateCheck = 1500;
				LastUpgradeCheck = 1630;
				TargetAttributes = {
					A1234567890ABCDEF030 = {
						CreatedOnToolsVersion = 15.0;
					};
				};
			};
			buildConfigurationList = A1234567890ABCDEF035 /* Build configuration list for PBXProject "DentalAI" */;
			compatibilityVersion = "Xcode 14.0";
			developmentRegion = en;
			hasScannedForEncodings = 0;
			knownRegions = (
				en,
				Base,
			);
			mainGroup = A1234567890ABCDEF023;
			productRefGroup = A1234567890ABCDEF025 /* Products */;
			projectDirPath = "";
			projectRoot = "";
			targets = (
				A1234567890ABCDEF030 /* DentalAI */,
			);
		};
/* End PBXProject section */

/* Begin PBXResourcesBuildPhase section */
		A1234567890ABCDEF033 /* Resources */ = {
			isa = PBXResourcesBuildPhase;
			buildActionMask = 2147483647;
			files = (
				A1234567890ABCDEF005 /* Assets.xcassets in Resources */,
				A1234567890ABCDEF007 /* Preview Assets.xcassets in Resources */,
				A1234567890ABCDEF098 /* dental_model.onnx in Resources */,
			);
			runOnlyForDeploymentPostprocessing = 0;
		};
/* End PBXResourcesBuildPhase section */

/* Begin PBXSourcesBuildPhase section */
		A1234567890ABCDEF032 /* Sources */ = {
			isa = PBXSourcesBuildPhase;
			buildActionMask = 2147483647;
			files = (
				A1234567890ABCDEF003 /* ContentView.swift in Sources */,
				A1234567890ABCDEF001 /* DentalAIApp.swift in Sources */,
				A1234567890ABCDEF009 /* CameraView.swift in Sources */,
				A1234567890ABCDEF010A /* PhotoLibraryView.swift in Sources */,
				A1234567890ABCDEF010C /* UserProfileView.swift in Sources */,
				A1234567890ABCDEF010E /* NotificationSettingsView.swift in Sources */,
				A1234567890ABCDEF0110 /* PrivacySettingsView.swift in Sources */,
				A1234567890ABCDEF0112 /* ImageCropView.swift in Sources */,
				A1234567890ABCDEF0114 /* PhotoAdjustmentView.swift in Sources */,
				A1234567890ABCDEF011 /* ImageAnalysisView.swift in Sources */,
				A1234567890ABCDEF013 /* DentalAnalysisEngine.swift in Sources */,
				A1234567890ABCDEF015 /* RecommendationEngine.swift in Sources */,
				A1234567890ABCDEF017 /* Models.swift in Sources */,
				A1234567890ABCDEF019 /* ImageProcessor.swift in Sources */,
				A1234567890ABCDEF040 /* CoreMLService.swift in Sources */,
				A1234567890ABCDEF042 /* PerformanceMonitor.swift in Sources */,
				A1234567890ABCDEF044 /* UserFeedbackService.swift in Sources */,
				A1234567890ABCDEF046 /* DetectionViewModel.swift in Sources */,
				A1234567890ABCDEF048 /* ValidationService.swift in Sources */,
				A1234567890ABCDEF050 /* DataManager.swift in Sources */,
				A1234567890ABCDEF105 /* DataManager+AnalysisHistory.swift in Sources */,
				A1234567890ABCDEF107 /* ResultExporter.swift in Sources */,
				A1234567890ABCDEF053 /* DetectionFactory.swift in Sources */,
				A1234567890ABCDEF055 /* Detection.swift in Sources */,
				A1234567890ABCDEF057 /* MLDetectionService.swift in Sources */,
				A1234567890ABCDEF100 /* ModelLocator.swift in Sources */,
				A1234567890ABCDEF102 /* Log.swift in Sources */,
				A1234567890ABCDEF059 /* ONNXDetectionService.swift in Sources */,
				A1234567890ABCDEF061 /* CVDentitionService.swift in Sources */,
				A1234567890ABCDEF063 /* FeatureFlags.swift in Sources */,
				A1234567890ABCDEF066 /* ProductComparisonView.swift in Sources */,
				A1234567890ABCDEF068 /* YOLOPreprocessor.swift in Sources */,
				A1234567890ABCDEF072 /* AuthenticationViewModel.swift in Sources */,
				A1234567890ABCDEF074 /* AuthenticationView.swift in Sources */,
			);
			runOnlyForDeploymentPostprocessing = 0;
		};
/* End PBXSourcesBuildPhase section */

/* Begin XCBuildConfiguration section */
		A1234567890ABCDEF036 /* Debug */ = {
			isa = XCBuildConfiguration;
			buildSettings = {
				ALWAYS_SEARCH_USER_PATHS = NO;
				ASSETCATALOG_COMPILER_GENERATE_SWIFT_ASSET_SYMBOL_EXTENSIONS = YES;
				CLANG_ANALYZER_NONNULL = YES;
				CLANG_ANALYZER_NUMBER_OBJECT_CONVERSION = YES_AGGRESSIVE;
				CLANG_CXX_LANGUAGE_STANDARD = "gnu++20";
				CLANG_ENABLE_MODULES = YES;
				CLANG_ENABLE_OBJC_ARC = YES;
				CLANG_ENABLE_OBJC_WEAK = YES;
				CLANG_WARN_BLOCK_CAPTURE_AUTORELEASING = YES;
				CLANG_WARN_BOOL_CONVERSION = YES;
				CLANG_WARN_COMMA = YES;
				CLANG_WARN_CONSTANT_CONVERSION = YES;
				CLANG_WARN_DEPRECATED_OBJC_IMPLEMENTATIONS = YES;
				CLANG_WARN_DIRECT_OBJC_ISA_USAGE = YES_ERROR;
				CLANG_WARN_DOCUMENTATION_COMMENTS = YES;
				CLANG_WARN_EMPTY_BODY = YES;
				CLANG_WARN_ENUM_CONVERSION = YES;
				CLANG_WARN_INFINITE_RECURSION = YES;
				CLANG_WARN_INT_CONVERSION = YES;
				CLANG_WARN_NON_LITERAL_NULL_CONVERSION = YES;
				CLANG_WARN_OBJC_IMPLICIT_RETAIN_SELF = YES;
				CLANG_WARN_OBJC_LITERAL_CONVERSION = YES;
				CLANG_WARN_OBJC_ROOT_CLASS = YES_ERROR;
				CLANG_WARN_QUOTED_INCLUDE_IN_FRAMEWORK_HEADER = YES;
				CLANG_WARN_RANGE_LOOP_ANALYSIS = YES;
				CLANG_WARN_STRICT_PROTOTYPES = YES;
				CLANG_WARN_SUSPICIOUS_MOVE = YES;
				CLANG_WARN_UNGUARDED_AVAILABILITY = YES_AGGRESSIVE;
				CLANG_WARN_UNREACHABLE_CODE = YES;
				CLANG_WARN__DUPLICATE_METHOD_MATCH = YES;
				COPY_PHASE_STRIP = NO;
				DEBUG_INFORMATION_FORMAT = dwarf;
				DEVELOPMENT_TEAM = "";
				ENABLE_STRICT_OBJC_MSGSEND = YES;
				ENABLE_TESTABILITY = YES;
				ENABLE_USER_SCRIPT_SANDBOXING = YES;
				GCC_C_LANGUAGE_STANDARD = gnu17;
				GCC_DYNAMIC_NO_PIC = NO;
				GCC_NO_COMMON_BLOCKS = YES;
				GCC_OPTIMIZATION_LEVEL = 0;
				GCC_PREPROCESSOR_DEFINITIONS = (
					"DEBUG=1",
					"$(inherited)",
				);
				GCC_WARN_64_TO_32_BIT_CONVERSION = YES;
				GCC_WARN_ABOUT_RETURN_TYPE = YES_ERROR;
				GCC_WARN_UNDECLARED_SELECTOR = YES;
				GCC_WARN_UNINITIALIZED_AUTOS = YES_AGGRESSIVE;
				GCC_WARN_UNUSED_FUNCTION = YES;
				GCC_WARN_UNUSED_VARIABLE = YES;
				IPHONEOS_DEPLOYMENT_TARGET = 17.0;
				LOCALIZATION_PREFERS_STRING_CATALOGS = YES;
				MTL_ENABLE_DEBUG_INFO = INCLUDE_SOURCE;
				MTL_FAST_MATH = YES;
				ONLY_ACTIVE_ARCH = YES;
				SDKROOT = iphoneos;
				SWIFT_ACTIVE_COMPILATION_CONDITIONS = "DEBUG $(inherited)";
				SWIFT_OPTIMIZATION_LEVEL = "-Onone";
			};
			name = Debug;
		};
		A1234567890ABCDEF037 /* Release */ = {
			isa = XCBuildConfiguration;
			buildSettings = {
				ALWAYS_SEARCH_USER_PATHS = NO;
				ASSETCATALOG_COMPILER_GENERATE_SWIFT_ASSET_SYMBOL_EXTENSIONS = YES;
				CLANG_ANALYZER_NONNULL = YES;
				CLANG_ANALYZER_NUMBER_OBJECT_CONVERSION = YES_AGGRESSIVE;
				CLANG_CXX_LANGUAGE_STANDARD = "gnu++20";
				CLANG_ENABLE_MODULES = YES;
				CLANG_ENABLE_OBJC_ARC = YES;
				CLANG_ENABLE_OBJC_WEAK = YES;
				CLANG_WARN_BLOCK_CAPTURE_AUTORELEASING = YES;
				CLANG_WARN_BOOL_CONVERSION = YES;
				CLANG_WARN_COMMA = YES;
				CLANG_WARN_CONSTANT_CONVERSION = YES;
				CLANG_WARN_DEPRECATED_OBJC_IMPLEMENTATIONS = YES;
				CLANG_WARN_DIRECT_OBJC_ISA_USAGE = YES_ERROR;
				CLANG_WARN_DOCUMENTATION_COMMENTS = YES;
				CLANG_WARN_EMPTY_BODY = YES;
				CLANG_WARN_ENUM_CONVERSION = YES;
				CLANG_WARN_INFINITE_RECURSION = YES;
				CLANG_WARN_INT_CONVERSION = YES;
				CLANG_WARN_NON_LITERAL_NULL_CONVERSION = YES;
				CLANG_WARN_OBJC_IMPLICIT_RETAIN_SELF = YES;
				CLANG_WARN_OBJC_LITERAL_CONVERSION = YES;
				CLANG_WARN_OBJC_ROOT_CLASS = YES_ERROR;
				CLANG_WARN_QUOTED_INCLUDE_IN_FRAMEWORK_HEADER = YES;
				CLANG_WARN_RANGE_LOOP_ANALYSIS = YES;
				CLANG_WARN_STRICT_PROTOTYPES = YES;
				CLANG_WARN_SUSPICIOUS_MOVE = YES;
				CLANG_WARN_UNGUARDED_AVAILABILITY = YES_AGGRESSIVE;
				CLANG_WARN_UNREACHABLE_CODE = YES;
				CLANG_WARN__DUPLICATE_METHOD_MATCH = YES;
				COPY_PHASE_STRIP = NO;
				DEBUG_INFORMATION_FORMAT = "dwarf-with-dsym";
				DEVELOPMENT_TEAM = "";
				ENABLE_NS_ASSERTIONS = NO;
				ENABLE_STRICT_OBJC_MSGSEND = YES;
				ENABLE_USER_SCRIPT_SANDBOXING = YES;
				GCC_C_LANGUAGE_STANDARD = gnu17;
				GCC_NO_COMMON_BLOCKS = YES;
				GCC_WARN_64_TO_32_BIT_CONVERSION = YES;
				GCC_WARN_ABOUT_RETURN_TYPE = YES_ERROR;
				GCC_WARN_UNDECLARED_SELECTOR = YES;
				GCC_WARN_UNINITIALIZED_AUTOS = YES_AGGRESSIVE;
				GCC_WARN_UNUSED_FUNCTION = YES;
				GCC_WARN_UNUSED_VARIABLE = YES;
				IPHONEOS_DEPLOYMENT_TARGET = 17.0;
				LOCALIZATION_PREFERS_STRING_CATALOGS = YES;
				MTL_ENABLE_DEBUG_INFO = NO;
				MTL_FAST_MATH = YES;
				SDKROOT = iphoneos;
				SWIFT_COMPILATION_MODE = wholemodule;
				VALIDATE_PRODUCT = YES;
			};
			name = Release;
		};
		A1234567890ABCDEF038 /* Debug */ = {
			isa = XCBuildConfiguration;
			buildSettings = {
				ASSETCATALOG_COMPILER_APPICON_NAME = AppIcon;
				ASSETCATALOG_COMPILER_GLOBAL_ACCENT_COLOR_NAME = AccentColor;
				CODE_SIGN_STYLE = Automatic;
				CURRENT_PROJECT_VERSION = 1;
				DEVELOPMENT_ASSET_PATHS = "\"DentalAI/Preview Content\"";
				DEVELOPMENT_TEAM = N6Z58D98K3;
				ENABLE_PREVIEWS = YES;
				GENERATE_INFOPLIST_FILE = NO;
				INFOPLIST_FILE = DentalAI/Info.plist;
				IPHONEOS_DEPLOYMENT_TARGET = 17.0;
				ENABLE_BITCODE = NO;
				LD_RUNPATH_SEARCH_PATHS = (
					"$(inherited)",
					"@executable_path/Frameworks",
				);
				MARKETING_VERSION = 1.0;
				PRODUCT_BUNDLE_IDENTIFIER = com.dentalai.DentalAI;
				PRODUCT_NAME = "$(TARGET_NAME)";
				SWIFT_EMIT_LOC_STRINGS = YES;
				SWIFT_VERSION = 5.0;
				TARGETED_DEVICE_FAMILY = "1,2";
			};
			name = Debug;
		};
		A1234567890ABCDEF039 /* Release */ = {
			isa = XCBuildConfiguration;
			buildSettings = {
				ASSETCATALOG_COMPILER_APPICON_NAME = AppIcon;
				ASSETCATALOG_COMPILER_GLOBAL_ACCENT_COLOR_NAME = AccentColor;
				CODE_SIGN_STYLE = Automatic;
				CURRENT_PROJECT_VERSION = 1;
				DEVELOPMENT_ASSET_PATHS = "\"DentalAI/Preview Content\"";
				DEVELOPMENT_TEAM = N6Z58D98K3;
				ENABLE_PREVIEWS = YES;
				GENERATE_INFOPLIST_FILE = NO;
				INFOPLIST_FILE = DentalAI/Info.plist;
				IPHONEOS_DEPLOYMENT_TARGET = 17.0;
				ENABLE_BITCODE = NO;
				LD_RUNPATH_SEARCH_PATHS = (
					"$(inherited)",
					"@executable_path/Frameworks",
				);
				MARKETING_VERSION = 1.0;
				PRODUCT_BUNDLE_IDENTIFIER = com.dentalai.DentalAI;
				PRODUCT_NAME = "$(TARGET_NAME)";
				SWIFT_EMIT_LOC_STRINGS = YES;
				SWIFT_VERSION = 5.0;
				TARGETED_DEVICE_FAMILY = "1,2";
			};
			name = Release;
		};
/* End XCBuildConfiguration section */

/* Begin XCConfigurationList section */
		A1234567890ABCDEF031 /* Build configuration list for PBXNativeTarget "DentalAI" */ = {
			isa = XCConfigurationList;
			buildConfigurations = (
				A1234567890ABCDEF038 /* Debug */,
				A1234567890ABCDEF039 /* Release */,
			);
			defaultConfigurationIsVisible = 0;
			defaultConfigurationName = Release;
		};
		A1234567890ABCDEF035 /* Build configuration list for PBXProject "DentalAI" */ = {
			isa = XCConfigurationList;
			buildConfigurations = (
				A1234567890ABCDEF036 /* Debug */,
				A1234567890ABCDEF037 /* Release */,
			);
			defaultConfigurationIsVisible = 0;
			defaultConfigurationName = Release;
		};
/* End XCConfigurationList section */
	};
	rootObject = A1234567890ABCDEF034 /* Project object */;
}
